<Project xmlns="http://schemas.microsoft.com/developer/msbuild/2003">
    <PropertyGroup>
        <ProjectGuid>{32907f3e-82d4-4786-b0bf-8e53f1e596ca}</ProjectGuid>
        <MainSource>EhLib180.dpk</MainSource>
        <Configuration Condition=" '$(Configuration)' == '' ">Debug</Configuration>
        <DCC_DCCCompiler>DCC32</DCC_DCCCompiler>
        <DCC_DependencyCheckOutputName>C:\Documents and Settings\All Users.WINDOWS\Documents\RAD Studio\5.0\Bpl\EhLib110.bpl</DCC_DependencyCheckOutputName>
        <ProjectVersion>14.6</ProjectVersion>
        <Config Condition="'$(Config)'==''">Release</Config>
        <Base>True</Base>
        <AppType>Package</AppType>
        <FrameworkType>VCL</FrameworkType>
        <Platform Condition="'$(Platform)'==''">Win32</Platform>
        <TargetedPlatforms>3</TargetedPlatforms>
    </PropertyGroup>
    <PropertyGroup Condition="'$(Config)'=='Base' or '$(Base)'!=''">
        <Base>true</Base>
    </PropertyGroup>
    <PropertyGroup Condition="('$(Platform)'=='Win32' and '$(Base)'=='true') or '$(Base_Win32)'!=''">
        <Base_Win32>true</Base_Win32>
        <CfgParent>Base</CfgParent>
        <Base>true</Base>
    </PropertyGroup>
    <PropertyGroup Condition="('$(Platform)'=='Win64' and '$(Base)'=='true') or '$(Base_Win64)'!=''">
        <Base_Win64>true</Base_Win64>
        <CfgParent>Base</CfgParent>
        <Base>true</Base>
    </PropertyGroup>
    <PropertyGroup Condition="'$(Config)'=='Release' or '$(Cfg_1)'!=''">
        <Cfg_1>true</Cfg_1>
        <CfgParent>Base</CfgParent>
        <Base>true</Base>
    </PropertyGroup>
    <PropertyGroup Condition="('$(Platform)'=='Win32' and '$(Cfg_1)'=='true') or '$(Cfg_1_Win32)'!=''">
        <Cfg_1_Win32>true</Cfg_1_Win32>
        <CfgParent>Cfg_1</CfgParent>
        <Cfg_1>true</Cfg_1>
        <Base>true</Base>
    </PropertyGroup>
    <PropertyGroup Condition="('$(Platform)'=='Win64' and '$(Cfg_1)'=='true') or '$(Cfg_1_Win64)'!=''">
        <Cfg_1_Win64>true</Cfg_1_Win64>
        <CfgParent>Cfg_1</CfgParent>
        <Cfg_1>true</Cfg_1>
        <Base>true</Base>
    </PropertyGroup>
    <PropertyGroup Condition="'$(Config)'=='Debug' or '$(Cfg_2)'!=''">
        <Cfg_2>true</Cfg_2>
        <CfgParent>Base</CfgParent>
        <Base>true</Base>
    </PropertyGroup>
    <PropertyGroup Condition="('$(Platform)'=='Win32' and '$(Cfg_2)'=='true') or '$(Cfg_2_Win32)'!=''">
        <Cfg_2_Win32>true</Cfg_2_Win32>
        <CfgParent>Cfg_2</CfgParent>
        <Cfg_2>true</Cfg_2>
        <Base>true</Base>
    </PropertyGroup>
    <PropertyGroup Condition="('$(Platform)'=='Win64' and '$(Cfg_2)'=='true') or '$(Cfg_2_Win64)'!=''">
        <Cfg_2_Win64>true</Cfg_2_Win64>
        <CfgParent>Cfg_2</CfgParent>
        <Cfg_2>true</Cfg_2>
        <Base>true</Base>
    </PropertyGroup>
    <PropertyGroup Condition="'$(Base)'!=''">
        <DCC_SymbolReferenceInfo>0</DCC_SymbolReferenceInfo>
        <DCC_OutputNeverBuildDcps>true</DCC_OutputNeverBuildDcps>
        <DCC_DcuOutput>.\$(Platform)\$(Config)</DCC_DcuOutput>
        <VerInfo_MajorVer>3</VerInfo_MajorVer>
        <VerInfo_Keys>FileVersion=7.0.0.0;ProductVersion=7.0.0.0;CompanyName=Dmitry V. Bolshakov;FileDescription=;InternalName=EhLib;LegalCopyright=;LegalTrademarks=;OriginalFilename=EhLib;ProductName=EhLib;Comments=</VerInfo_Keys>
        <VerInfo_IncludeVerInfo>true</VerInfo_IncludeVerInfo>
        <VerInfo_Locale>1033</VerInfo_Locale>
        <DCC_Namespace>Vcl;Vcl.Imaging;Vcl.Touch;Vcl.Samples;Vcl.Shell;System;Xml;Data;Datasnap;Web;Soap;Winapi;System.Win;$(DCC_Namespace)</DCC_Namespace>
        <DCC_DebugInformation>false</DCC_DebugInformation>
        <DCC_CBuilderOutput>All</DCC_CBuilderOutput>
        <DCC_DependencyCheckOutputName>C:\Documents and Settings\All Users\Документы\RAD Studio\7.0\Bpl\EhLib140.bpl</DCC_DependencyCheckOutputName>
        <DCC_ImageBase>00400000</DCC_ImageBase>
        <DCC_LocalDebugSymbols>false</DCC_LocalDebugSymbols>
        <DCC_Description>EhLib 7.0</DCC_Description>
        <RuntimeOnlyPackage>true</RuntimeOnlyPackage>
        <GenPackage>true</GenPackage>
        <DCC_AssertionsAtRuntime>false</DCC_AssertionsAtRuntime>
        <GenDll>true</GenDll>
        <DCC_WriteableConstants>true</DCC_WriteableConstants>
    </PropertyGroup>
    <PropertyGroup Condition="'$(Base_Win32)'!=''">
        <Icon_MainIcon>EhLib180_Icon.ico</Icon_MainIcon>
        <DCC_Namespace>Data.Win;Datasnap.Win;Web.Win;Soap.Win;Xml.Win;Bde;$(DCC_Namespace)</DCC_Namespace>
        <VerInfo_Keys>CompanyName=;FileDescription=;FileVersion=1.0.0.0;InternalName=;LegalCopyright=;LegalTrademarks=;OriginalFilename=;ProductName=;ProductVersion=1.0.0.0;Comments=</VerInfo_Keys>
    </PropertyGroup>
    <PropertyGroup Condition="'$(Base_Win64)'!=''">
        <DCC_Namespace>Data.Win;Datasnap.Win;Web.Win;Soap.Win;Xml.Win;$(DCC_Namespace)</DCC_Namespace>
        <VerInfo_Keys>CompanyName=;FileDescription=;FileVersion=1.0.0.0;InternalName=;LegalCopyright=;LegalTrademarks=;OriginalFilename=;ProductName=;ProductVersion=1.0.0.0;Comments=</VerInfo_Keys>
        <Icon_MainIcon>EhLib180_Icon.ico</Icon_MainIcon>
    </PropertyGroup>
    <PropertyGroup Condition="'$(Cfg_1)'!=''">
        <Version>7.0</Version>
        <DCC_AssertionsAtRuntime>False</DCC_AssertionsAtRuntime>
        <DCC_DebugInformation>False</DCC_DebugInformation>
        <DCC_WriteableConstants>True</DCC_WriteableConstants>
        <DCC_LocalDebugSymbols>False</DCC_LocalDebugSymbols>
        <DCC_CBuilderOutput>All</DCC_CBuilderOutput>
        <DCC_Define>RELEASE;$(DCC_Define)</DCC_Define>
    </PropertyGroup>
    <PropertyGroup Condition="'$(Cfg_1_Win32)'!=''">
        <VerInfo_Keys>CompanyName=;FileDescription=;FileVersion=1.0.0.0;InternalName=;LegalCopyright=;LegalTrademarks=;OriginalFilename=;ProductName=;ProductVersion=1.0.0.0;Comments=</VerInfo_Keys>
    </PropertyGroup>
    <PropertyGroup Condition="'$(Cfg_1_Win64)'!=''">
        <VerInfo_Keys>CompanyName=;FileDescription=;FileVersion=1.0.0.0;InternalName=;LegalCopyright=;LegalTrademarks=;OriginalFilename=;ProductName=;ProductVersion=1.0.0.0;Comments=</VerInfo_Keys>
    </PropertyGroup>
    <PropertyGroup Condition="'$(Cfg_2)'!=''">
        <DCC_SymbolReferenceInfo>2</DCC_SymbolReferenceInfo>
        <DCC_DebugInfoInExe>true</DCC_DebugInfoInExe>
        <DCC_GenerateStackFrames>true</DCC_GenerateStackFrames>
        <DCC_DebugDCUs>true</DCC_DebugDCUs>
        <DCC_Optimize>false</DCC_Optimize>
        <Version>7.0</Version>
        <DCC_AssertionsAtRuntime>true</DCC_AssertionsAtRuntime>
        <DCC_DebugInformation>true</DCC_DebugInformation>
        <DCC_WriteableConstants>True</DCC_WriteableConstants>
        <DCC_LocalDebugSymbols>true</DCC_LocalDebugSymbols>
        <DCC_CBuilderOutput>All</DCC_CBuilderOutput>
    </PropertyGroup>
    <PropertyGroup Condition="'$(Cfg_2_Win32)'!=''">
        <VerInfo_Keys>CompanyName=;FileDescription=;FileVersion=1.0.0.0;InternalName=;LegalCopyright=;LegalTrademarks=;OriginalFilename=;ProductName=;ProductVersion=1.0.0.0;Comments=</VerInfo_Keys>
    </PropertyGroup>
    <PropertyGroup Condition="'$(Cfg_2_Win64)'!=''">
        <VerInfo_Keys>CompanyName=;FileDescription=;FileVersion=1.0.0.0;InternalName=;LegalCopyright=;LegalTrademarks=;OriginalFilename=;ProductName=;ProductVersion=1.0.0.0;Comments=</VerInfo_Keys>
    </PropertyGroup>
    <ItemGroup>
        <DelphiCompile Include="$(MainSource)">
            <MainSource>MainSource</MainSource>
        </DelphiCompile>
        <DCCReference Include="rtl.dcp"/>
        <DCCReference Include="vcl.dcp"/>
        <DCCReference Include="dbrtl.dcp"/>
        <DCCReference Include="vcldb.dcp"/>
        <DCCReference Include="vclimg.dcp"/>
        <DCCReference Include="vclx.dcp"/>
        <DCCReference Include="xmlrtl.dcp"/>
        <DCCReference Include="DBSumLst.pas"/>
        <DCCReference Include="PrnDbgEh.pas"/>
        <DCCReference Include="PrnDGDlg.pas">
            <Form>fPrnDBGridEHSetupDialog</Form>
        </DCCReference>
        <DCCReference Include="PrntsEh.pas"/>
        <DCCReference Include="PrvFrmEh.pas">
            <Form>PreviewFormEh</Form>
        </DCCReference>
        <DCCReference Include="PrViewEh.pas"/>
        <DCCReference Include="DBGridEh.pas"/>
        <DCCReference Include="DBGridEhImpExp.pas"/>
        <DCCReference Include="DBLookupEh.pas"/>
        <DCCReference Include="DBCtrlsEh.pas"/>
        <DCCReference Include="ToolCtrlsEh.pas"/>
        <DCCReference Include="EhLibConsts.pas"/>
        <DCCReference Include="DBLookupGridsEh.pas"/>
        <DCCReference Include="CalculatorEh.pas">
            <Form>CalculatorEh</Form>
        </DCCReference>
        <DCCReference Include="DbUtilsEh.pas"/>
        <DCCReference Include="PropFilerEh.pas"/>
        <DCCReference Include="PropStorageEh.pas"/>
        <DCCReference Include="DBGridEhFindDlgs.pas">
            <Form>DBGridEhFindDlg</Form>
        </DCCReference>
        <DCCReference Include="EhLibVCL.pas"/>
        <DCCReference Include="MemTreeEh.pas"/>
        <DCCReference Include="DataDriverEh.pas"/>
        <DCCReference Include="MemTableDataEh.pas"/>
        <DCCReference Include="MemTableEh.pas"/>
        <DCCReference Include="GridsEh.pas"/>
        <DCCReference Include="DBGridEhSimpleFilterDlg.pas">
            <Form>DBGridEhSimpleFilterDialog</Form>
        </DCCReference>
        <DCCReference Include="DBGridEhGrouping.pas"/>
        <DCCReference Include="EhLibMTE.pas"/>
        <DCCReference Include="EhLibGIFImage.pas"/>
        <DCCReference Include="EhLibJPegImage.pas"/>
        <DCCReference Include="EhLibPNGImage.pas"/>
        <DCCReference Include="DynVarsEh.pas"/>
        <DCCReference Include="DBGridEhToolCtrls.pas">
            <Form>DBGridEhRes</Form>
            <DesignClass>TDataModule</DesignClass>
        </DCCReference>
        <DCCReference Include="ObjectInspectorEh.pas"/>
        <DCCReference Include="DBAxisGridsEh.pas"/>
        <DCCReference Include="DBVertGridsEh.pas"/>
        <DCCReference Include="DropDownFormEh.pas">
            <Form>CustomDropDownFormEh</Form>
            <FormType>dfm</FormType>
        </DCCReference>
        <DCCReference Include="DBLookupUtilsEh.pas"/>
        <DCCReference Include="MemoEditFormsEh.pas">
            <Form>MemoEditWinEh</Form>
            <FormType>dfm</FormType>
            <DesignClass>TCustomDropDownFormEh</DesignClass>
        </DCCReference>
        <DCCReference Include="PictureEditFormsEh.pas">
            <Form>PictureEditorDialog</Form>
            <FormType>dfm</FormType>
        </DCCReference>
        <DCCReference Include="RichEditFormsEh.pas">
            <Form>RichEditWinEh</Form>
            <FormType>dfm</FormType>
            <DesignClass>TCustomDropDownFormEh</DesignClass>
        </DCCReference>
        <DCCReference Include="SideOwnedComponentsEh.pas"/>
        <DCCReference Include="GridToolCtrlsEh.pas"/>
        <DCCReference Include="EhLibXmlConsts.pas"/>
        <DCCReference Include="FilterDropDownFormsEh.pas">
            <Form>FilterDropDownForm</Form>
            <FormType>dfm</FormType>
            <DesignClass>TCustomDropDownFormEh</DesignClass>
        </DCCReference>
        <DCCReference Include="DBGridFilterDropDownFormsEh.pas"/>
        <DCCReference Include="PivotGridToolsEh.pas"/>
        <DCCReference Include="EditPivotFieldFormEh.pas"/>
        <DCCReference Include="PivotGridsEh.pas"/>
        <BuildConfiguration Include="Debug">
            <Key>Cfg_2</Key>
            <CfgParent>Base</CfgParent>
        </BuildConfiguration>
        <BuildConfiguration Include="Base">
            <Key>Base</Key>
        </BuildConfiguration>
        <BuildConfiguration Include="Release">
            <Key>Cfg_1</Key>
            <CfgParent>Base</CfgParent>
        </BuildConfiguration>
    </ItemGroup>
    <Import Condition="Exists('$(BDS)\Bin\CodeGear.Delphi.Targets')" Project="$(BDS)\Bin\CodeGear.Delphi.Targets"/>
    <ProjectExtensions>
        <Borland.Personality>Delphi.Personality.12</Borland.Personality>
        <Borland.ProjectType>Package</Borland.ProjectType>
        <BorlandProject>
            <Delphi.Personality>
                <Parameters/>
                <VersionInfo>
                    <VersionInfo Name="IncludeVerInfo">True</VersionInfo>
                    <VersionInfo Name="AutoIncBuild">False</VersionInfo>
                    <VersionInfo Name="MajorVer">3</VersionInfo>
                    <VersionInfo Name="MinorVer">0</VersionInfo>
                    <VersionInfo Name="Release">0</VersionInfo>
                    <VersionInfo Name="Build">0</VersionInfo>
                    <VersionInfo Name="Debug">False</VersionInfo>
                    <VersionInfo Name="PreRelease">False</VersionInfo>
                    <VersionInfo Name="Special">False</VersionInfo>
                    <VersionInfo Name="Private">False</VersionInfo>
                    <VersionInfo Name="DLL">False</VersionInfo>
                    <VersionInfo Name="Locale">1033</VersionInfo>
                    <VersionInfo Name="CodePage">1252</VersionInfo>
                </VersionInfo>
                <VersionInfoKeys>
                    <VersionInfoKeys Name="FileVersion">7.0.0.0</VersionInfoKeys>
                    <VersionInfoKeys Name="ProductVersion">7.0.0.0</VersionInfoKeys>
                    <VersionInfoKeys Name="CompanyName">Dmitry V. Bolshakov</VersionInfoKeys>
                    <VersionInfoKeys Name="FileDescription"/>
                    <VersionInfoKeys Name="InternalName">EhLib</VersionInfoKeys>
                    <VersionInfoKeys Name="LegalCopyright"/>
                    <VersionInfoKeys Name="LegalTrademarks"/>
                    <VersionInfoKeys Name="OriginalFilename">EhLib</VersionInfoKeys>
                    <VersionInfoKeys Name="ProductName">EhLib</VersionInfoKeys>
                    <VersionInfoKeys Name="Comments"/>
                </VersionInfoKeys>
                <Source>
                    <Source Name="MainSource">EhLib180.dpk</Source>
                </Source>
                <Excluded_Packages>
                    <Excluded_Packages Name="$(BDSBIN)\bcboffice2k180.bpl">Embarcadero C++Builder Office 2000 Servers Package</Excluded_Packages>
                    <Excluded_Packages Name="$(BDSBIN)\bcbofficexp180.bpl">Embarcadero C++Builder Office XP Servers Package</Excluded_Packages>
                    <Excluded_Packages Name="$(BDSBIN)\dcloffice2k180.bpl">Microsoft Office 2000 Sample Automation Server Wrapper Components</Excluded_Packages>
                    <Excluded_Packages Name="$(BDSBIN)\dclofficexp180.bpl">Microsoft Office XP Sample Automation Server Wrapper Components</Excluded_Packages>
                </Excluded_Packages>
            </Delphi.Personality>
            <Platforms>
                <Platform value="iOSDevice">False</Platform>
                <Platform value="iOSSimulator">False</Platform>
                <Platform value="Win32">True</Platform>
                <Platform value="Win64">True</Platform>
            </Platforms>
        </BorlandProject>
        <ProjectFileVersion>12</ProjectFileVersion>
    </ProjectExtensions>
    <Import Condition="Exists('$(APPDATA)\Embarcadero\$(BDSAPPDATABASEDIR)\$(PRODUCTVERSION)\UserTools.proj')" Project="$(APPDATA)\Embarcadero\$(BDSAPPDATABASEDIR)\$(PRODUCTVERSION)\UserTools.proj"/>
</Project>
