<Project xmlns="http://schemas.microsoft.com/developer/msbuild/2003">
    <PropertyGroup>
        <ProjectGuid>{2A9DBDAE-D115-4359-9B62-FBA737FECB6E}</ProjectGuid>
        <MainSource>gcsynccfg.dpr</MainSource>
        <Base>True</Base>
        <Config Condition="'$(Config)'==''">Debug</Config>
        <Platform Condition="'$(Platform)'==''">Win32</Platform>
        <TargetedPlatforms>79</TargetedPlatforms>
        <AppType>Application</AppType>
        <FrameworkType>VCL</FrameworkType>
    </PropertyGroup>
    <PropertyGroup Condition="'$(Config)'=='Base' or '$(Base)'!=''">
        <Base>true</Base>
    </PropertyGroup>
    <PropertyGroup Condition="'$(Config)'=='Release' or '$(Cfg_1)'!=''">
        <Cfg_1>true</Cfg_1>
        <CfgParent>Base</CfgParent>
        <Base>true</Base>
    </PropertyGroup>
    <PropertyGroup Condition="'$(Config)'=='Debug' or '$(Cfg_2)'!=''">
        <Cfg_2>true</Cfg_2>
        <CfgParent>Base</CfgParent>
        <Base>true</Base>
    </PropertyGroup>
    <PropertyGroup Condition="'$(Base)'!=''">
        <DCC_SymbolReferenceInfo>1</DCC_SymbolReferenceInfo>
        <DCC_ImageBase>00400000</DCC_ImageBase>
        <DCC_UnitAlias>WinTypes=Windows;WinProcs=Windows;DbiTypes=BDE;DbiProcs=BDE;DbiErrs=BDE;$(DCC_UnitAlias)</DCC_UnitAlias>
        <DCC_K>false</DCC_K>
        <DCC_ExeOutput>..\Output\debug</DCC_ExeOutput>
        <DCC_DcuOutput>..\Output\dcu\debug</DCC_DcuOutput>
        <DCC_UnitSearchPath>$(DELPHI)\Lib\Debug;$(DCC_UnitSearchPath)</DCC_UnitSearchPath>
        <DCC_F>false</DCC_F>
        <DCC_Optimize>false</DCC_Optimize>
        <DCC_UsePackage>vcl;rtl;vclx;indy;inet;xmlrtl;vclie;inetdbbde;inetdbxpress;dbrtl;dsnap;dsnapcon;vcldb;soaprtl;VclSmp;dbexpress;dbxcds;bdertl;vcldbx;webdsnap;websnap;adortl;ibxpress;teeui;teedb;tee;dss;visualclx;visualdbclx;vclactnband;vclshlctrls;IntrawebDB_50_70;Intraweb_50_70;Rave50CLX;Rave50VCL;dclOfficeXP;RxDB7;RxCtl7;Win2KTray;Y2KControls;ExtControls;VCLSer70;inetdb;VirtualTreesD7;dclbsPolyglotD7;bsPolyglotD7;MercFPrtVCL_D7;$(DCC_UsePackage)</DCC_UsePackage>
        <DCC_Define>SYNC;$(DCC_Define)</DCC_Define>
        <DCC_N>true</DCC_N>
        <DCC_E>false</DCC_E>
        <DCC_S>false</DCC_S>
    </PropertyGroup>
    <PropertyGroup Condition="'$(Cfg_1)'!=''">
        <DCC_Define>RELEASE;$(DCC_Define)</DCC_Define>
        <DCC_SymbolReferenceInfo>0</DCC_SymbolReferenceInfo>
        <DCC_DebugInformation>false</DCC_DebugInformation>
        <DCC_LocalDebugSymbols>false</DCC_LocalDebugSymbols>
    </PropertyGroup>
    <PropertyGroup Condition="'$(Cfg_2)'!=''">
        <DCC_Define>DEBUG;$(DCC_Define)</DCC_Define>
        <DCC_GenerateStackFrames>true</DCC_GenerateStackFrames>
    </PropertyGroup>
    <ItemGroup>
        <DelphiCompile Include="$(MainSource)">
            <MainSource>MainSource</MainSource>
        </DelphiCompile>
        <DCCReference Include="ufrmMain.pas">
            <Form>frmMain</Form>
        </DCCReference>
        <DCCReference Include="..\Parts\Y2KCommon\uServiceManager.pas"/>
        <DCCReference Include="..\Parts\OptionsBase\uOption.pas"/>
        <DCCReference Include="..\Parts\OptionsBase\uOptionList.pas"/>
        <DCCReference Include="..\Parts\OptionsBase\uOptions.pas"/>
        <DCCReference Include="..\Parts\OptionsBase\uOptionsFolder.pas"/>
        <DCCReference Include="..\Parts\OptionsBase\uOptionsFolderList.pas"/>
        <DCCReference Include="..\Parts\OptionsBase\uOptionsStorage.pas"/>
        <DCCReference Include="uSyncOptions.pas"/>
        <DCCReference Include="..\Parts\Y2KCommon\uY2KString.pas"/>
        <DCCReference Include="..\Parts\Y2KCommon\uY2KCommon.pas"/>
        <DCCReference Include="udmMain.pas">
            <Form>dmMain</Form>
            <DesignClass>TDataModule</DesignClass>
        </DCCReference>
        <DCCReference Include="ufrmServerName.pas">
            <Form>frmServerName</Form>
        </DCCReference>
        <DCCReference Include="..\Parts\SQLTools\uGCDBTools.pas"/>
        <DCCReference Include="..\Parts\SQLTools\ufrmSQLServerList.pas">
            <Form>frmSQLServerList</Form>
        </DCCReference>
        <DCCReference Include="..\Parts\SQLTools\uSQLTools.pas"/>
        <DCCReference Include="..\Parts\Registry\uSystemRegistryTools.pas"/>
        <DCCReference Include="uLocalServer.pas"/>
        <DCCReference Include="..\Parts\OptionsBase\uDBRegistryOptionsStorage.pas"/>
        <DCCReference Include="..\Parts\SQLTools\ufrmLogon.pas">
            <Form>frmLogon</Form>
        </DCCReference>
        <DCCReference Include="..\Parts\Errors\uErrors.pas"/>
        <DCCReference Include="uSyncConst.pas"/>
        <DCCReference Include="..\Parts\Registration\uRegistration.pas"/>
        <DCCReference Include="..\Parts\Common\uCommon.pas"/>
        <BuildConfiguration Include="Debug">
            <Key>Cfg_2</Key>
            <CfgParent>Base</CfgParent>
        </BuildConfiguration>
        <BuildConfiguration Include="Base">
            <Key>Base</Key>
        </BuildConfiguration>
        <BuildConfiguration Include="Release">
            <Key>Cfg_1</Key>
            <CfgParent>Base</CfgParent>
        </BuildConfiguration>
    </ItemGroup>
    <ProjectExtensions>
        <Borland.Personality>Delphi.Personality.12</Borland.Personality>
        <Borland.ProjectType/>
        <BorlandProject>
            <Delphi.Personality>
                <Source>
                    <Source Name="MainSource">gcsynccfg.dpr</Source>
                </Source>
                <Language>
                    <Language Name="RootDir">..\..\..\..\Project\Free\Sync\</Language>
                </Language>
                <VersionInfo>
                    <VersionInfo Name="IncludeVerInfo">True</VersionInfo>
                    <VersionInfo Name="AutoIncBuild">False</VersionInfo>
                    <VersionInfo Name="MajorVer">1</VersionInfo>
                    <VersionInfo Name="MinorVer">0</VersionInfo>
                    <VersionInfo Name="Release">4</VersionInfo>
                    <VersionInfo Name="Build">0</VersionInfo>
                    <VersionInfo Name="Debug">False</VersionInfo>
                    <VersionInfo Name="PreRelease">False</VersionInfo>
                    <VersionInfo Name="Special">False</VersionInfo>
                    <VersionInfo Name="Private">False</VersionInfo>
                    <VersionInfo Name="DLL">False</VersionInfo>
                    <VersionInfo Name="Locale">1049</VersionInfo>
                    <VersionInfo Name="CodePage">1251</VersionInfo>
                </VersionInfo>
                <VersionInfoKeys>
                    <VersionInfoKeys Name="CompanyName"/>
                    <VersionInfoKeys Name="FileDescription"/>
                    <VersionInfoKeys Name="FileVersion">1.0.4.0</VersionInfoKeys>
                    <VersionInfoKeys Name="InternalName"/>
                    <VersionInfoKeys Name="LegalCopyright"/>
                    <VersionInfoKeys Name="LegalTrademarks"/>
                    <VersionInfoKeys Name="OriginalFilename"/>
                    <VersionInfoKeys Name="ProductName"/>
                    <VersionInfoKeys Name="ProductVersion">1.0.4</VersionInfoKeys>
                    <VersionInfoKeys Name="Comments"/>
                </VersionInfoKeys>
            </Delphi.Personality>
            <Platforms>
                <Platform value="iOSDevice">True</Platform>
                <Platform value="iOSSimulator" ActiveMobileDevice="iPhone">True</Platform>
                <Platform value="OSX32">True</Platform>
                <Platform value="Win32">True</Platform>
                <Platform value="Win64">True</Platform>
            </Platforms>
        </BorlandProject>
        <ProjectFileVersion>12</ProjectFileVersion>
    </ProjectExtensions>
    <Import Project="$(BDS)\Bin\CodeGear.Delphi.Targets" Condition="Exists('$(BDS)\Bin\CodeGear.Delphi.Targets')"/>
    <Import Project="$(APPDATA)\Embarcadero\$(BDSAPPDATABASEDIR)\$(PRODUCTVERSION)\UserTools.proj" Condition="Exists('$(APPDATA)\Embarcadero\$(BDSAPPDATABASEDIR)\$(PRODUCTVERSION)\UserTools.proj')"/>
</Project>
